<?xml version="1.0" encoding="utf-8"?>
<Project ToolsVersion="4.0" xmlns="http://schemas.microsoft.com/developer/msbuild/2003">
  <ItemGroup>
    <Filter Include="Исходные файлы">
      <UniqueIdentifier>{4FC737F1-C7A5-4376-A066-2A32D752A2FF}</UniqueIdentifier>
      <Extensions>cpp;c;cc;cxx;c++;cppm;ixx;def;odl;idl;hpj;bat;asm;asmx</Extensions>
    </Filter>
    <Filter Include="Файлы заголовков">
      <UniqueIdentifier>{93995380-89BD-4b04-88EB-625FBE52EBFB}</UniqueIdentifier>
      <Extensions>h;hh;hpp;hxx;h++;hm;inl;inc;ipp;xsd</Extensions>
    </Filter>
    <Filter Include="Файлы ресурсов">
      <UniqueIdentifier>{67DA6AB6-F800-4c08-8B7A-83BB121AAD01}</UniqueIdentifier>
      <Extensions>rc;ico;cur;bmp;dlg;rc2;rct;bin;rgs;gif;jpg;jpeg;jpe;resx;tiff;tif;png;wav;mfcribbon-ms</Extensions>
    </Filter>
    <Filter Include="Исходные файлы\Graph">
      <UniqueIdentifier>{b5018488-5438-4a6f-8f52-891c36273afd}</UniqueIdentifier>
    </Filter>
    <Filter Include="Файлы заголовков\Graph">
      <UniqueIdentifier>{afe2e5b4-25ef-43d9-8221-b427ebb511d3}</UniqueIdentifier>
    </Filter>
    <Filter Include="Исходные файлы\Algorithm">
      <UniqueIdentifier>{99a12cd9-5d50-4ec7-9a17-47a949ab16d7}</UniqueIdentifier>
    </Filter>
    <Filter Include="Файлы заголовков\Algorithm">
      <UniqueIdentifier>{8ce40149-3c5d-49cb-8502-1c4fc08a0882}</UniqueIdentifier>
    </Filter>
  </ItemGroup>
  <ItemGroup>
    <ClCompile Include="lab4.cpp">
      <Filter>Исходные файлы</Filter>
    </ClCompile>
    <ClCompile Include="DirectedGraph.cpp">
      <Filter>Исходные файлы\Graph</Filter>
    </ClCompile>
    <ClCompile Include="UndirectedGraph.cpp">
      <Filter>Исходные файлы\Graph</Filter>
    </ClCompile>
    <ClCompile Include="FileWorkerGraph.cpp">
      <Filter>Исходные файлы\Graph</Filter>
    </ClCompile>
    <ClCompile Include="Graph.cpp">
      <Filter>Исходные файлы\Graph</Filter>
    </ClCompile>
    <ClCompile Include="Prima.cpp">
      <Filter>Исходные файлы\Algorithm</Filter>
    </ClCompile>
  </ItemGroup>
  <ItemGroup>
    <ClInclude Include="Graph.h">
      <Filter>Файлы заголовков\Graph</Filter>
    </ClInclude>
    <ClInclude Include="DirectedGraph.h">
      <Filter>Файлы заголовков\Graph</Filter>
    </ClInclude>
    <ClInclude Include="UndirectedGraph.h">
      <Filter>Файлы заголовков\Graph</Filter>
    </ClInclude>
    <ClInclude Include="FileWorkerGraph.h">
      <Filter>Файлы заголовков\Graph</Filter>
    </ClInclude>
    <ClInclude Include="Prima.h">
      <Filter>Файлы заголовков\Algorithm</Filter>
    </ClInclude>
  </ItemGroup>
</Project>